
Microsoft Visual Studio Solution File, Format Version 12.00
# Visual Studio Version 17
VisualStudioVersion = 17.8.34322.80
MinimumVisualStudioVersion = 10.0.40219.1
Project("{FAE04EC0-301F-11D3-BF4B-00C04F79EFBC}") = "InfoDefendLab2", "InfoDefendLab2\InfoDefendLab2.csproj", "{5A784249-2D9E-4818-B3DF-FE923B1E1846}"
EndProject
Global
	GlobalSection(SolutionConfigurationPlatforms) = preSolution
		Debug|Any CPU = Debug|Any CPU
		Release|Any CPU = Release|Any CPU
	EndGlobalSection
	GlobalSection(ProjectConfigurationPlatforms) = postSolution
		{5A784249-2D9E-4818-B3DF-FE923B1E1846}.Debug|Any CPU.ActiveCfg = Debug|Any CPU
		{5A784249-2D9E-4818-B3DF-FE923B1E1846}.Debug|Any CPU.Build.0 = Debug|Any CPU
		{5A784249-2D9E-4818-B3DF-FE923B1E1846}.Release|Any CPU.ActiveCfg = Release|Any CPU
		{5A784249-2D9E-4818-B3DF-FE923B1E1846}.Release|Any CPU.Build.0 = Release|Any CPU
	EndGlobalSection
	GlobalSection(SolutionProperties) = preSolution
		HideSolutionNode = FALSE
	EndGlobalSection
	GlobalSection(ExtensibilityGlobals) = postSolution
		SolutionGuid = {0A363A44-0BCB-4E6A-83DA-820688603C69}
	EndGlobalSection
EndGlobal
